Capabilities:
    Channel: &ChannelCapabilities
        V2_0: true
    Application: &ApplicationCapabilities
        V2_0: true
    Orderer: &OrdererCapabilities
        V2_0: true

Channel: &ChannelDefaults
    Policies:
        Readers:
            Type: ImplicitMeta
            Rule: "ANY Readers"
        Writers:
            Type: ImplicitMeta
            Rule: "ANY Writers"
        Admins:
            Type: ImplicitMeta
            Rule: "MAJORITY Admins"
    Capabilities:
        <<: *ChannelCapabilities
        
Application: &ApplicationDefaults
    Organizations:
    Policies:
        Readers:
            Type: ImplicitMeta
            Rule: "ANY Readers"
        Writers:
            Type: ImplicitMeta
            Rule: "ANY Writers"
        Admins:
            Type: ImplicitMeta
            Rule: "MAJORITY Admins"
        LifecycleEndorsement:
            Type: ImplicitMeta
            Rule: "MAJORITY Endorsement"
        Endorsement:
            Type: ImplicitMeta
            Rule: "MAJORITY Endorsement"
    Capabilities:
        <<: *ApplicationCapabilities
        
Organizations:
    - &OrdererOrg
        Name: THKOrderer
        ID: THKOrdererMSP
        MSPDir: crypto-config/ordererOrganizations/thinking.com/msp/
        Policies:
            Readers:
                Type: Signature
                Rule: "OR('THKOrdererMSP.member')"
            Writers:
                Type: Signature
                Rule: "OR('THKOrdererMSP.member')"
            Admins:
                Type: Signature
                Rule: "OR('THKOrdererMSP.admin')"
        OrdererEndpoints:
            - thinking_orderer.thinking.com:7050
    - &THKOrg1
        Name: THKOrg1
        ID: THKOrg1MSP
        MSPDir: crypto-config/peerOrganizations/thk_org1.thinking.com/msp
        Policies:
            Readers:
                Type: Signature
                Rule: "OR('THKOrg1MSP.admin', 'THKOrg1MSP.peer', 'THKOrg1MSP.client')"
            Writers:
                Type: Signature
                Rule: "OR('THKOrg1MSP.admin', 'THKOrg1MSP.client')"
            Admins:
                Type: Signature
                Rule: "OR('THKOrg1MSP.admin')"
            Endorsement:
                Type: Signature
                Rule: "OR('THKOrg1MSP.peer')"
        AnchorPeers:
            - Host: peer0.thk_org1.thinking.com
              Port: 7051
    - &THKOrg2
        Name: THKOrg2
        ID: THKOrg2MSP
        MSPDir: crypto-config/peerOrganizations/thk_org2.thinking.com/msp
        Policies:
            Readers:
                Type: Signature
                Rule: "OR('THKOrg2MSP.admin', 'THKOrg2MSP.peer', 'THKOrg2MSP.client')"
            Writers:
                Type: Signature
                Rule: "OR('THKOrg2MSP.admin', 'THKOrg2MSP.client')"
            Admins:
                Type: Signature
                Rule: "OR('THKOrg2MSP.admin')"
            Endorsement:
                Type: Signature
                Rule: "OR('THKOrg2MSP.peer')"
        AnchorPeers:
            - Host: peer0.thk_org2.thinking.com
              Port: 10051
 
Orderer: &OrdererDefaults
    OrdererType: etcdraft
    BatchTimeout: 2s
    BatchSize:
        MaxMessageCount: 10
        AbsoluteMaxBytes: 99 MB
        PreferredMaxBytes: 512 KB
    Organizations:
    Policies:
        Readers:
            Type: ImplicitMeta
            Rule: "ANY Readers"
        Writers:
            Type: ImplicitMeta
            Rule: "ANY Writers"
        Admins:
            Type: ImplicitMeta
            Rule: "MAJORITY Admins"
        BlockValidation:
            Type: ImplicitMeta
            Rule: "ANY Writers"

Profiles:
    SampleMultiNodeEtcdRaft:
        <<: *ChannelDefaults
        Capabilities:
            <<: *ChannelCapabilities
        Application:
            <<: *ApplicationDefaults
            Organizations:
            - <<: *OrdererOrg
        Consortiums:
            SampleConsortium:
                Organizations:
                - *THKOrg1
                - *THKOrg2
        Orderer:
            <<: *OrdererDefaults
            OrdererType: etcdraft
            EtcdRaft:
                Consenters:
                - Host: thinking_orderer.thinking.com
                  Port: 7050
                  ClientTLSCert: crypto-config/ordererOrganizations/thinking.com/orderers/thinking_orderer.thinking.com/tls/server.crt
                  ServerTLSCert: crypto-config/ordererOrganizations/thinking.com/orderers/thinking_orderer.thinking.com/tls/server.crt
            Addresses:
                - thinking_orderer.thinking.com:7050
            Organizations:
            - *OrdererOrg
            Capabilities:
                <<: *OrdererCapabilities